<?xml version="1.0" encoding="utf-8"?>
<Project ToolsVersion="4.0" xmlns="http://schemas.microsoft.com/developer/msbuild/2003">
  <ItemGroup>
    <Filter Include="源文件">
      <UniqueIdentifier>{4FC737F1-C7A5-4376-A066-2A32D752A2FF}</UniqueIdentifier>
      <Extensions>cpp;c;cc;cxx;def;odl;idl;hpj;bat;asm;asmx</Extensions>
    </Filter>
    <Filter Include="头文件">
      <UniqueIdentifier>{93995380-89BD-4b04-88EB-625FBE52EBFB}</UniqueIdentifier>
      <Extensions>h;hh;hpp;hxx;hm;inl;inc;xsd</Extensions>
    </Filter>
    <Filter Include="资源文件">
      <UniqueIdentifier>{67DA6AB6-F800-4c08-8B7A-83BB121AAD01}</UniqueIdentifier>
      <Extensions>rc;ico;cur;bmp;dlg;rc2;rct;bin;rgs;gif;jpg;jpeg;jpe;resx;tiff;tif;png;wav;mfcribbon-ms</Extensions>
    </Filter>
    <Filter Include="头文件\Vector">
      <UniqueIdentifier>{1e0fef4c-6fa0-4483-836e-dfd5d9073775}</UniqueIdentifier>
    </Filter>
    <Filter Include="头文件\Trie">
      <UniqueIdentifier>{e1a8e2bd-9273-4747-af3d-6e8885afe96f}</UniqueIdentifier>
    </Filter>
    <Filter Include="头文件\Deque">
      <UniqueIdentifier>{1348384a-78a2-4b7b-9378-513d9a115116}</UniqueIdentifier>
    </Filter>
    <Filter Include="头文件\Algorithm">
      <UniqueIdentifier>{0209b2f8-5781-4830-abff-08dc7d565c1f}</UniqueIdentifier>
    </Filter>
    <Filter Include="头文件\List">
      <UniqueIdentifier>{89aae9dd-d629-41c2-ac47-e394ce7d4ccf}</UniqueIdentifier>
    </Filter>
    <Filter Include="头文件\Test">
      <UniqueIdentifier>{5652be9d-9ac1-4065-b092-777ccd0d9566}</UniqueIdentifier>
    </Filter>
    <Filter Include="头文件\Heap">
      <UniqueIdentifier>{5eb50dc3-6da2-439f-b4ff-78452652dacd}</UniqueIdentifier>
    </Filter>
    <Filter Include="头文件\AssociativeContainer">
      <UniqueIdentifier>{b17fa315-0fb8-46aa-901c-8ad8fb624ea6}</UniqueIdentifier>
    </Filter>
    <Filter Include="头文件\AssociativeContainer\对拍">
      <UniqueIdentifier>{acf24087-7a5d-48cf-868f-4eb50594a5e9}</UniqueIdentifier>
    </Filter>
    <Filter Include="头文件\AssociativeContainer\Tree">
      <UniqueIdentifier>{fbfe55cc-e783-4e1d-9104-486d588ffd08}</UniqueIdentifier>
    </Filter>
    <Filter Include="头文件\Query">
      <UniqueIdentifier>{2123fbab-8470-4d1f-b93e-b3b389fcb259}</UniqueIdentifier>
    </Filter>
    <Filter Include="头文件\Memory">
      <UniqueIdentifier>{dc602a51-74e1-42a6-b929-344538c3d71f}</UniqueIdentifier>
    </Filter>
    <Filter Include="头文件\Profiler">
      <UniqueIdentifier>{dc57ee6e-635b-4c94-b2c4-14d74246bc48}</UniqueIdentifier>
    </Filter>
  </ItemGroup>
  <ItemGroup>
    <Text Include="ReadMe.txt" />
  </ItemGroup>
  <ItemGroup>
    <ClInclude Include="stdafx.h">
      <Filter>头文件</Filter>
    </ClInclude>
    <ClInclude Include="targetver.h">
      <Filter>头文件</Filter>
    </ClInclude>
    <ClInclude Include="Vector.h">
      <Filter>头文件\Vector</Filter>
    </ClInclude>
    <ClInclude Include="Trie.h">
      <Filter>头文件\Trie</Filter>
    </ClInclude>
    <ClInclude Include="Deque.h">
      <Filter>头文件\Deque</Filter>
    </ClInclude>
    <ClInclude Include="Util.h">
      <Filter>头文件</Filter>
    </ClInclude>
    <ClInclude Include="Algorithm.h">
      <Filter>头文件\Algorithm</Filter>
    </ClInclude>
    <ClInclude Include="List.h">
      <Filter>头文件\List</Filter>
    </ClInclude>
    <ClInclude Include="Map.h">
      <Filter>头文件\AssociativeContainer</Filter>
    </ClInclude>
    <ClInclude Include="FibHeap.h">
      <Filter>头文件\Heap</Filter>
    </ClInclude>
    <ClInclude Include="PriorityQueue.h">
      <Filter>头文件\Heap</Filter>
    </ClInclude>
    <ClInclude Include="LeftistTree.h">
      <Filter>头文件\Heap</Filter>
    </ClInclude>
    <ClInclude Include="BTree.h">
      <Filter>头文件\AssociativeContainer</Filter>
    </ClInclude>
    <ClInclude Include="TimSort.h">
      <Filter>头文件\Algorithm</Filter>
    </ClInclude>
    <ClInclude Include="HashMap.h">
      <Filter>头文件\AssociativeContainer</Filter>
    </ClInclude>
    <ClInclude Include="NaiveDB.h">
      <Filter>头文件\AssociativeContainer</Filter>
    </ClInclude>
    <ClInclude Include="AVL.h">
      <Filter>头文件\AssociativeContainer\Tree</Filter>
    </ClInclude>
    <ClInclude Include="RBTree.h">
      <Filter>头文件\AssociativeContainer\Tree</Filter>
    </ClInclude>
    <ClInclude Include="Splay.h">
      <Filter>头文件\AssociativeContainer\Tree</Filter>
    </ClInclude>
    <ClInclude Include="TreeUtil.h">
      <Filter>头文件\AssociativeContainer\Tree</Filter>
    </ClInclude>
    <ClInclude Include="Map-List.h">
      <Filter>头文件\AssociativeContainer</Filter>
    </ClInclude>
    <ClInclude Include="SkipList.h">
      <Filter>头文件\AssociativeContainer</Filter>
    </ClInclude>
    <ClInclude Include="IntrusiveList.h">
      <Filter>头文件\List</Filter>
    </ClInclude>
    <ClInclude Include="RBTreeArray.h">
      <Filter>头文件\AssociativeContainer\Tree</Filter>
    </ClInclude>
    <ClInclude Include="String.h">
      <Filter>头文件\Vector</Filter>
    </ClInclude>
    <ClInclude Include="Stack.h">
      <Filter>头文件\Vector</Filter>
    </ClInclude>
    <ClInclude Include="Treap.h">
      <Filter>头文件\AssociativeContainer\Tree</Filter>
    </ClInclude>
    <ClInclude Include="SegmentTree.h">
      <Filter>头文件\Query</Filter>
    </ClInclude>
    <ClInclude Include="SegmentTreeUtil.h">
      <Filter>头文件\Query</Filter>
    </ClInclude>
    <ClInclude Include="Ptr32.h">
      <Filter>头文件\Memory</Filter>
    </ClInclude>
    <ClInclude Include="MemPool.h">
      <Filter>头文件\Memory</Filter>
    </ClInclude>
    <ClInclude Include="SharedPtr.h">
      <Filter>头文件\Memory</Filter>
    </ClInclude>
    <ClInclude Include="BIT.h">
      <Filter>头文件\Query</Filter>
    </ClInclude>
    <ClInclude Include="vEBTree-pointer.h">
      <Filter>头文件\AssociativeContainer\Tree</Filter>
    </ClInclude>
    <ClInclude Include="vEBTree.h">
      <Filter>头文件\AssociativeContainer\Tree</Filter>
    </ClInclude>
    <ClInclude Include="BITTree.h">
      <Filter>头文件\Query</Filter>
    </ClInclude>
    <ClInclude Include="Matrix.h">
      <Filter>头文件\Profiler</Filter>
    </ClInclude>
    <ClInclude Include="Complexity.h">
      <Filter>头文件\Profiler</Filter>
    </ClInclude>
    <ClInclude Include="Profiler.h">
      <Filter>头文件\Profiler</Filter>
    </ClInclude>
  </ItemGroup>
  <ItemGroup>
    <ClCompile Include="stdafx.cpp">
      <Filter>源文件</Filter>
    </ClCompile>
    <ClCompile Include="DataStructure.cpp">
      <Filter>源文件</Filter>
    </ClCompile>
    <ClCompile Include="LuoguP3377LeftistTree.cpp">
      <Filter>头文件\Heap</Filter>
    </ClCompile>
    <ClCompile Include="LuoguP3371Dijkstra.cpp">
      <Filter>头文件\Heap</Filter>
    </ClCompile>
    <ClCompile Include="LuoguP3371Dijkstra-FibHeap.cpp">
      <Filter>头文件\Heap</Filter>
    </ClCompile>
    <ClCompile Include="顺序容器三连.cpp">
      <Filter>头文件\Test</Filter>
    </ClCompile>
    <ClCompile Include="堆三连.cpp">
      <Filter>头文件\Test</Filter>
    </ClCompile>
    <ClCompile Include="排序四连.cpp">
      <Filter>头文件\Test</Filter>
    </ClCompile>
    <ClCompile Include="对拍.cpp">
      <Filter>头文件\AssociativeContainer\对拍</Filter>
    </ClCompile>
    <ClCompile Include="Mapn连.cpp">
      <Filter>头文件\Test</Filter>
    </ClCompile>
    <ClCompile Include="TestMemPool.cpp">
      <Filter>头文件\Memory</Filter>
    </ClCompile>
  </ItemGroup>
</Project>